// !$*UTF8*$!
{
	archiveVersion = 1;
	classes = {
	};
	objectVersion = 50;
	objects = {

/* Begin PBXBuildFile section */
		D2B653086744E34DA341F450 /* Pods_D07.framework in Frameworks */ = {isa = PBXBuildFile; fileRef = 2378647B0EF69C3A236BDF74 /* Pods_D07.framework */; };
		DBB98E6723E2D0A0000F2643 /* AppDelegate.swift in Sources */ = {isa = PBXBuildFile; fileRef = DBB98E6623E2D0A0000F2643 /* AppDelegate.swift */; };
		DBB98E6923E2D0A0000F2643 /* ViewController.swift in Sources */ = {isa = PBXBuildFile; fileRef = DBB98E6823E2D0A0000F2643 /* ViewController.swift */; };
		DBB98E6C23E2D0A0000F2643 /* Main.storyboard in Resources */ = {isa = PBXBuildFile; fileRef = DBB98E6A23E2D0A0000F2643 /* Main.storyboard */; };
		DBB98E6E23E2D0A3000F2643 /* Assets.xcassets in Resources */ = {isa = PBXBuildFile; fileRef = DBB98E6D23E2D0A3000F2643 /* Assets.xcassets */; };
		DBB98E7123E2D0A3000F2643 /* LaunchScreen.storyboard in Resources */ = {isa = PBXBuildFile; fileRef = DBB98E6F23E2D0A3000F2643 /* LaunchScreen.storyboard */; };
/* End PBXBuildFile section */

/* Begin PBXFileReference section */
		0037FE7A7E67A034145E7376 /* Pods-D07.release.xcconfig */ = {isa = PBXFileReference; includeInIndex = 1; lastKnownFileType = text.xcconfig; name = "Pods-D07.release.xcconfig"; path = "Target Support Files/Pods-D07/Pods-D07.release.xcconfig"; sourceTree = "<group>"; };
		2378647B0EF69C3A236BDF74 /* Pods_D07.framework */ = {isa = PBXFileReference; explicitFileType = wrapper.framework; includeInIndex = 0; path = Pods_D07.framework; sourceTree = BUILT_PRODUCTS_DIR; };
		DBB98E6323E2D0A0000F2643 /* D07.app */ = {isa = PBXFileReference; explicitFileType = wrapper.application; includeInIndex = 0; path = D07.app; sourceTree = BUILT_PRODUCTS_DIR; };
		DBB98E6623E2D0A0000F2643 /* AppDelegate.swift */ = {isa = PBXFileReference; lastKnownFileType = sourcecode.swift; path = AppDelegate.swift; sourceTree = "<group>"; };
		DBB98E6823E2D0A0000F2643 /* ViewController.swift */ = {isa = PBXFileReference; lastKnownFileType = sourcecode.swift; path = ViewController.swift; sourceTree = "<group>"; };
		DBB98E6B23E2D0A0000F2643 /* Base */ = {isa = PBXFileReference; lastKnownFileType = file.storyboard; name = Base; path = Base.lproj/Main.storyboard; sourceTree = "<group>"; };
		DBB98E6D23E2D0A3000F2643 /* Assets.xcassets */ = {isa = PBXFileReference; lastKnownFileType = folder.assetcatalog; path = Assets.xcassets; sourceTree = "<group>"; };
		DBB98E7023E2D0A3000F2643 /* Base */ = {isa = PBXFileReference; lastKnownFileType = file.storyboard; name = Base; path = Base.lproj/LaunchScreen.storyboard; sourceTree = "<group>"; };
		DBB98E7223E2D0A3000F2643 /* Info.plist */ = {isa = PBXFileReference; lastKnownFileType = text.plist.xml; path = Info.plist; sourceTree = "<group>"; };
		DCD5FE794743950FD641F76E /* Pods-D07.debug.xcconfig */ = {isa = PBXFileReference; includeInIndex = 1; lastKnownFileType = text.xcconfig; name = "Pods-D07.debug.xcconfig"; path = "Target Support Files/Pods-D07/Pods-D07.debug.xcconfig"; sourceTree = "<group>"; };
/* End PBXFileReference section */

/* Begin PBXFrameworksBuildPhase section */
		DBB98E6023E2D0A0000F2643 /* Frameworks */ = {
			isa = PBXFrameworksBuildPhase;
			buildActionMask = 2147483647;
			files = (
				D2B653086744E34DA341F450 /* Pods_D07.framework in Frameworks */,
			);
			runOnlyForDeploymentPostprocessing = 0;
		};
/* End PBXFrameworksBuildPhase section */

/* Begin PBXGroup section */
		2338704D96117D2A201F34B7 /* Pods */ = {
			isa = PBXGroup;
			children = (
				DCD5FE794743950FD641F76E /* Pods-D07.debug.xcconfig */,
				0037FE7A7E67A034145E7376 /* Pods-D07.release.xcconfig */,
			);
			name = Pods;
			path = Pods;
			sourceTree = "<group>";
		};
		DBB98E5A23E2D0A0000F2643 = {
			isa = PBXGroup;
			children = (
				DBB98E6523E2D0A0000F2643 /* D07 */,
				DBB98E6423E2D0A0000F2643 /* Products */,
				2338704D96117D2A201F34B7 /* Pods */,
				EB49629AF6112F777B91D7E6 /* Frameworks */,
			);
			sourceTree = "<group>";
		};
		DBB98E6423E2D0A0000F2643 /* Products */ = {
			isa = PBXGroup;
			children = (
				DBB98E6323E2D0A0000F2643 /* D07.app */,
			);
			name = Products;
			sourceTree = "<group>";
		};
		DBB98E6523E2D0A0000F2643 /* D07 */ = {
			isa = PBXGroup;
			children = (
				DBB98E6623E2D0A0000F2643 /* AppDelegate.swift */,
				DBB98E6823E2D0A0000F2643 /* ViewController.swift */,
				DBB98E6A23E2D0A0000F2643 /* Main.storyboard */,
				DBB98E6D23E2D0A3000F2643 /* Assets.xcassets */,
				DBB98E6F23E2D0A3000F2643 /* LaunchScreen.storyboard */,
				DBB98E7223E2D0A3000F2643 /* Info.plist */,
			);
			path = D07;
			sourceTree = "<group>";
		};
		EB49629AF6112F777B91D7E6 /* Frameworks */ = {
			isa = PBXGroup;
			children = (
				2378647B0EF69C3A236BDF74 /* Pods_D07.framework */,
			);
			name = Frameworks;
			sourceTree = "<group>";
		};
/* End PBXGroup section */

/* Begin PBXNativeTarget section */
		DBB98E6223E2D0A0000F2643 /* D07 */ = {
			isa = PBXNativeTarget;
			buildConfigurationList = DBB98E7523E2D0A3000F2643 /* Build configuration list for PBXNativeTarget "D07" */;
			buildPhases = (
				020CCF523D5B4960CA676F85 /* [CP] Check Pods Manifest.lock */,
				DBB98E5F23E2D0A0000F2643 /* Sources */,
				DBB98E6023E2D0A0000F2643 /* Frameworks */,
				DBB98E6123E2D0A0000F2643 /* Resources */,
				9AB1BF5FB43FE2BC486DBE81 /* [CP] Embed Pods Frameworks */,
			);
			buildRules = (
			);
			dependencies = (
			);
			name = D07;
			productName = D07;
			productReference = DBB98E6323E2D0A0000F2643 /* D07.app */;
			productType = "com.apple.product-type.application";
		};
/* End PBXNativeTarget section */

/* Begin PBXProject section */
		DBB98E5B23E2D0A0000F2643 /* Project object */ = {
			isa = PBXProject;
			attributes = {
				LastSwiftUpdateCheck = 1030;
				LastUpgradeCheck = 1030;
				ORGANIZATIONNAME = "Maxime JOUBERT";
				TargetAttributes = {
					DBB98E6223E2D0A0000F2643 = {
						CreatedOnToolsVersion = 10.3;
					};
				};
			};
			buildConfigurationList = DBB98E5E23E2D0A0000F2643 /* Build configuration list for PBXProject "D07" */;
			compatibilityVersion = "Xcode 9.3";
			developmentRegion = en;
			hasScannedForEncodings = 0;
			knownRegions = (
				en,
				Base,
			);
			mainGroup = DBB98E5A23E2D0A0000F2643;
			productRefGroup = DBB98E6423E2D0A0000F2643 /* Products */;
			projectDirPath = "";
			projectRoot = "";
			targets = (
				DBB98E6223E2D0A0000F2643 /* D07 */,
			);
		};
/* End PBXProject section */

/* Begin PBXResourcesBuildPhase section */
		DBB98E6123E2D0A0000F2643 /* Resources */ = {
			isa = PBXResourcesBuildPhase;
			buildActionMask = 2147483647;
			files = (
				DBB98E7123E2D0A3000F2643 /* LaunchScreen.storyboard in Resources */,
				DBB98E6E23E2D0A3000F2643 /* Assets.xcassets in Resources */,
				DBB98E6C23E2D0A0000F2643 /* Main.storyboard in Resources */,
			);
			runOnlyForDeploymentPostprocessing = 0;
		};
/* End PBXResourcesBuildPhase section */

/* Begin PBXShellScriptBuildPhase section */
		020CCF523D5B4960CA676F85 /* [CP] Check Pods Manifest.lock */ = {
			isa = PBXShellScriptBuildPhase;
			buildActionMask = 2147483647;
			files = (
			);
			inputFileListPaths = (
			);
			inputPaths = (
				"${PODS_PODFILE_DIR_PATH}/Podfile.lock",
				"${PODS_ROOT}/Manifest.lock",
			);
			name = "[CP] Check Pods Manifest.lock";
			outputFileListPaths = (
			);
			outputPaths = (
				"$(DERIVED_FILE_DIR)/Pods-D07-checkManifestLockResult.txt",
			);
			runOnlyForDeploymentPostprocessing = 0;
			shellPath = /bin/sh;
			shellScript = "diff \"${PODS_PODFILE_DIR_PATH}/Podfile.lock\" \"${PODS_ROOT}/Manifest.lock\" > /dev/null\nif [ $? != 0 ] ; then\n    # print error to STDERR\n    echo \"error: The sandbox is not in sync with the Podfile.lock. Run 'pod install' or update your CocoaPods installation.\" >&2\n    exit 1\nfi\n# This output is used by Xcode 'outputs' to avoid re-running this script phase.\necho \"SUCCESS\" > \"${SCRIPT_OUTPUT_FILE_0}\"\n";
			showEnvVarsInLog = 0;
		};
		9AB1BF5FB43FE2BC486DBE81 /* [CP] Embed Pods Frameworks */ = {
			isa = PBXShellScriptBuildPhase;
			buildActionMask = 2147483647;
			files = (
			);
			inputFileListPaths = (
				"${PODS_ROOT}/Target Support Files/Pods-D07/Pods-D07-frameworks-${CONFIGURATION}-input-files.xcfilelist",
			);
			name = "[CP] Embed Pods Frameworks";
			outputFileListPaths = (
				"${PODS_ROOT}/Target Support Files/Pods-D07/Pods-D07-frameworks-${CONFIGURATION}-output-files.xcfilelist",
			);
			runOnlyForDeploymentPostprocessing = 0;
			shellPath = /bin/sh;
			shellScript = "\"${PODS_ROOT}/Target Support Files/Pods-D07/Pods-D07-frameworks.sh\"\n";
			showEnvVarsInLog = 0;
		};
/* End PBXShellScriptBuildPhase section */

/* Begin PBXSourcesBuildPhase section */
		DBB98E5F23E2D0A0000F2643 /* Sources */ = {
			isa = PBXSourcesBuildPhase;
			buildActionMask = 2147483647;
			files = (
				DBB98E6923E2D0A0000F2643 /* ViewController.swift in Sources */,
				DBB98E6723E2D0A0000F2643 /* AppDelegate.swift in Sources */,
			);
			runOnlyForDeploymentPostprocessing = 0;
		};
/* End PBXSourcesBuildPhase section */

/* Begin PBXVariantGroup section */
		DBB98E6A23E2D0A0000F2643 /* Main.storyboard */ = {
			isa = PBXVariantGroup;
			children = (
				DBB98E6B23E2D0A0000F2643 /* Base */,
			);
			name = Main.storyboard;
			sourceTree = "<group>";
		};
		DBB98E6F23E2D0A3000F2643 /* LaunchScreen.storyboard */ = {
			isa = PBXVariantGroup;
			children = (
				DBB98E7023E2D0A3000F2643 /* Base */,
			);
			name = LaunchScreen.storyboard;
			sourceTree = "<group>";
		};
/* End PBXVariantGroup section */

/* Begin XCBuildConfiguration section */
		DBB98E7323E2D0A3000F2643 /* Debug */ = {
			isa = XCBuildConfiguration;
			buildSettings = {
				ALWAYS_SEARCH_USER_PATHS = NO;
				CLANG_ANALYZER_NONNULL = YES;
				CLANG_ANALYZER_NUMBER_OBJECT_CONVERSION = YES_AGGRESSIVE;
				CLANG_CXX_LANGUAGE_STANDARD = "gnu++14";
				CLANG_CXX_LIBRARY = "libc++";
				CLANG_ENABLE_MODULES = YES;
				CLANG_ENABLE_OBJC_ARC = YES;
				CLANG_ENABLE_OBJC_WEAK = YES;
				CLANG_WARN_BLOCK_CAPTURE_AUTORELEASING = YES;
				CLANG_WARN_BOOL_CONVERSION = YES;
				CLANG_WARN_COMMA = YES;
				CLANG_WARN_CONSTANT_CONVERSION = YES;
				CLANG_WARN_DEPRECATED_OBJC_IMPLEMENTATIONS = YES;
				CLANG_WARN_DIRECT_OBJC_ISA_USAGE = YES_ERROR;
				CLANG_WARN_DOCUMENTATION_COMMENTS = YES;
				CLANG_WARN_EMPTY_BODY = YES;
				CLANG_WARN_ENUM_CONVERSION = YES;
				CLANG_WARN_INFINITE_RECURSION = YES;
				CLANG_WARN_INT_CONVERSION = YES;
				CLANG_WARN_NON_LITERAL_NULL_CONVERSION = YES;
				CLANG_WARN_OBJC_IMPLICIT_RETAIN_SELF = YES;
				CLANG_WARN_OBJC_LITERAL_CONVERSION = YES;
				CLANG_WARN_OBJC_ROOT_CLASS = YES_ERROR;
				CLANG_WARN_RANGE_LOOP_ANALYSIS = YES;
				CLANG_WARN_STRICT_PROTOTYPES = YES;
				CLANG_WARN_SUSPICIOUS_MOVE = YES;
				CLANG_WARN_UNGUARDED_AVAILABILITY = YES_AGGRESSIVE;
				CLANG_WARN_UNREACHABLE_CODE = YES;
				CLANG_WARN__DUPLICATE_METHOD_MATCH = YES;
				CODE_SIGN_IDENTITY = "iPhone Developer";
				COPY_PHASE_STRIP = NO;
				DEBUG_INFORMATION_FORMAT = dwarf;
				ENABLE_STRICT_OBJC_MSGSEND = YES;
				ENABLE_TESTABILITY = YES;
				GCC_C_LANGUAGE_STANDARD = gnu11;
				GCC_DYNAMIC_NO_PIC = NO;
				GCC_NO_COMMON_BLOCKS = YES;
				GCC_OPTIMIZATION_LEVEL = 0;
				GCC_PREPROCESSOR_DEFINITIONS = (
					"DEBUG=1",
					"$(inherited)",
				);
				GCC_WARN_64_TO_32_BIT_CONVERSION = YES;
				GCC_WARN_ABOUT_RETURN_TYPE = YES_ERROR;
				GCC_WARN_UNDECLARED_SELECTOR = YES;
				GCC_WARN_UNINITIALIZED_AUTOS = YES_AGGRESSIVE;
				GCC_WARN_UNUSED_FUNCTION = YES;
				GCC_WARN_UNUSED_VARIABLE = YES;
				IPHONEOS_DEPLOYMENT_TARGET = 12.4;
				MTL_ENABLE_DEBUG_INFO = INCLUDE_SOURCE;
				MTL_FAST_MATH = YES;
				ONLY_ACTIVE_ARCH = YES;
				SDKROOT = iphoneos;
				SWIFT_ACTIVE_COMPILATION_CONDITIONS = DEBUG;
				SWIFT_OPTIMIZATION_LEVEL = "-Onone";
			};
			name = Debug;
		};
		DBB98E7423E2D0A3000F2643 /* Release */ = {
			isa = XCBuildConfiguration;
			buildSettings = {
				ALWAYS_SEARCH_USER_PATHS = NO;
				CLANG_ANALYZER_NONNULL = YES;
				CLANG_ANALYZER_NUMBER_OBJECT_CONVERSION = YES_AGGRESSIVE;
				CLANG_CXX_LANGUAGE_STANDARD = "gnu++14";
				CLANG_CXX_LIBRARY = "libc++";
				CLANG_ENABLE_MODULES = YES;
				CLANG_ENABLE_OBJC_ARC = YES;
				CLANG_ENABLE_OBJC_WEAK = YES;
				CLANG_WARN_BLOCK_CAPTURE_AUTORELEASING = YES;
				CLANG_WARN_BOOL_CONVERSION = YES;
				CLANG_WARN_COMMA = YES;
				CLANG_WARN_CONSTANT_CONVERSION = YES;
				CLANG_WARN_DEPRECATED_OBJC_IMPLEMENTATIONS = YES;
				CLANG_WARN_DIRECT_OBJC_ISA_USAGE = YES_ERROR;
				CLANG_WARN_DOCUMENTATION_COMMENTS = YES;
				CLANG_WARN_EMPTY_BODY = YES;
				CLANG_WARN_ENUM_CONVERSION = YES;
				CLANG_WARN_INFINITE_RECURSION = YES;
				CLANG_WARN_INT_CONVERSION = YES;
				CLANG_WARN_NON_LITERAL_NULL_CONVERSION = YES;
				CLANG_WARN_OBJC_IMPLICIT_RETAIN_SELF = YES;
				CLANG_WARN_OBJC_LITERAL_CONVERSION = YES;
				CLANG_WARN_OBJC_ROOT_CLASS = YES_ERROR;
				CLANG_WARN_RANGE_LOOP_ANALYSIS = YES;
				CLANG_WARN_STRICT_PROTOTYPES = YES;
				CLANG_WARN_SUSPICIOUS_MOVE = YES;
				CLANG_WARN_UNGUARDED_AVAILABILITY = YES_AGGRESSIVE;
				CLANG_WARN_UNREACHABLE_CODE = YES;
				CLANG_WARN__DUPLICATE_METHOD_MATCH = YES;
				CODE_SIGN_IDENTITY = "iPhone Developer";
				COPY_PHASE_STRIP = NO;
				DEBUG_INFORMATION_FORMAT = "dwarf-with-dsym";
				ENABLE_NS_ASSERTIONS = NO;
				ENABLE_STRICT_OBJC_MSGSEND = YES;
				GCC_C_LANGUAGE_STANDARD = gnu11;
				GCC_NO_COMMON_BLOCKS = YES;
				GCC_WARN_64_TO_32_BIT_CONVERSION = YES;
				GCC_WARN_ABOUT_RETURN_TYPE = YES_ERROR;
				GCC_WARN_UNDECLARED_SELECTOR = YES;
				GCC_WARN_UNINITIALIZED_AUTOS = YES_AGGRESSIVE;
				GCC_WARN_UNUSED_FUNCTION = YES;
				GCC_WARN_UNUSED_VARIABLE = YES;
				IPHONEOS_DEPLOYMENT_TARGET = 12.4;
				MTL_ENABLE_DEBUG_INFO = NO;
				MTL_FAST_MATH = YES;
				SDKROOT = iphoneos;
				SWIFT_COMPILATION_MODE = wholemodule;
				SWIFT_OPTIMIZATION_LEVEL = "-O";
				VALIDATE_PRODUCT = YES;
			};
			name = Release;
		};
		DBB98E7623E2D0A3000F2643 /* Debug */ = {
			isa = XCBuildConfiguration;
			baseConfigurationReference = DCD5FE794743950FD641F76E /* Pods-D07.debug.xcconfig */;
			buildSettings = {
				ASSETCATALOG_COMPILER_APPICON_NAME = AppIcon;
				CODE_SIGN_STYLE = Automatic;
				INFOPLIST_FILE = D07/Info.plist;
				LD_RUNPATH_SEARCH_PATHS = (
					"$(inherited)",
					"@executable_path/Frameworks",
				);
				PRODUCT_BUNDLE_IDENTIFIER = mjoubert.D07;
				PRODUCT_NAME = "$(TARGET_NAME)";
				SWIFT_VERSION = 5.0;
				TARGETED_DEVICE_FAMILY = "1,2";
			};
			name = Debug;
		};
		DBB98E7723E2D0A3000F2643 /* Release */ = {
			isa = XCBuildConfiguration;
			baseConfigurationReference = 0037FE7A7E67A034145E7376 /* Pods-D07.release.xcconfig */;
			buildSettings = {
				ASSETCATALOG_COMPILER_APPICON_NAME = AppIcon;
				CODE_SIGN_STYLE = Automatic;
				INFOPLIST_FILE = D07/Info.plist;
				LD_RUNPATH_SEARCH_PATHS = (
					"$(inherited)",
					"@executable_path/Frameworks",
				);
				PRODUCT_BUNDLE_IDENTIFIER = mjoubert.D07;
				PRODUCT_NAME = "$(TARGET_NAME)";
				SWIFT_VERSION = 5.0;
				TARGETED_DEVICE_FAMILY = "1,2";
			};
			name = Release;
		};
/* End XCBuildConfiguration section */

/* Begin XCConfigurationList section */
		DBB98E5E23E2D0A0000F2643 /* Build configuration list for PBXProject "D07" */ = {
			isa = XCConfigurationList;
			buildConfigurations = (
				DBB98E7323E2D0A3000F2643 /* Debug */,
				DBB98E7423E2D0A3000F2643 /* Release */,
			);
			defaultConfigurationIsVisible = 0;
			defaultConfigurationName = Release;
		};
		DBB98E7523E2D0A3000F2643 /* Build configuration list for PBXNativeTarget "D07" */ = {
			isa = XCConfigurationList;
			buildConfigurations = (
				DBB98E7623E2D0A3000F2643 /* Debug */,
				DBB98E7723E2D0A3000F2643 /* Release */,
			);
			defaultConfigurationIsVisible = 0;
			defaultConfigurationName = Release;
		};
/* End XCConfigurationList section */
	};
	rootObject = DBB98E5B23E2D0A0000F2643 /* Project object */;
}
