// !$*UTF8*$!
{
	archiveVersion = 1;
	classes = {
	};
	objectVersion = 50;
	objects = {

/* Begin PBXBuildFile section */
		DB2275CE23D5F09C005C015B /* AppDelegate.swift in Sources */ = {isa = PBXBuildFile; fileRef = DB2275CD23D5F09C005C015B /* AppDelegate.swift */; };
		DB2275D023D5F09C005C015B /* ViewController.swift in Sources */ = {isa = PBXBuildFile; fileRef = DB2275CF23D5F09C005C015B /* ViewController.swift */; };
		DB2275D323D5F09C005C015B /* Main.storyboard in Resources */ = {isa = PBXBuildFile; fileRef = DB2275D123D5F09C005C015B /* Main.storyboard */; };
		DB2275D523D5F0A2005C015B /* Assets.xcassets in Resources */ = {isa = PBXBuildFile; fileRef = DB2275D423D5F0A2005C015B /* Assets.xcassets */; };
		DB2275D823D5F0A2005C015B /* LaunchScreen.storyboard in Resources */ = {isa = PBXBuildFile; fileRef = DB2275D623D5F0A2005C015B /* LaunchScreen.storyboard */; };
		DB2275E223D5F523005C015B /* CollectionViewCell.swift in Sources */ = {isa = PBXBuildFile; fileRef = DB2275E123D5F523005C015B /* CollectionViewCell.swift */; };
		DBDCC75923D70BE300FAA5EE /* ImageViewController.swift in Sources */ = {isa = PBXBuildFile; fileRef = DBDCC75823D70BE300FAA5EE /* ImageViewController.swift */; };
/* End PBXBuildFile section */

/* Begin PBXFileReference section */
		DB2275CA23D5F09C005C015B /* D03.app */ = {isa = PBXFileReference; explicitFileType = wrapper.application; includeInIndex = 0; path = D03.app; sourceTree = BUILT_PRODUCTS_DIR; };
		DB2275CD23D5F09C005C015B /* AppDelegate.swift */ = {isa = PBXFileReference; lastKnownFileType = sourcecode.swift; path = AppDelegate.swift; sourceTree = "<group>"; };
		DB2275CF23D5F09C005C015B /* ViewController.swift */ = {isa = PBXFileReference; lastKnownFileType = sourcecode.swift; path = ViewController.swift; sourceTree = "<group>"; };
		DB2275D223D5F09C005C015B /* Base */ = {isa = PBXFileReference; lastKnownFileType = file.storyboard; name = Base; path = Base.lproj/Main.storyboard; sourceTree = "<group>"; };
		DB2275D423D5F0A2005C015B /* Assets.xcassets */ = {isa = PBXFileReference; lastKnownFileType = folder.assetcatalog; path = Assets.xcassets; sourceTree = "<group>"; };
		DB2275D723D5F0A2005C015B /* Base */ = {isa = PBXFileReference; lastKnownFileType = file.storyboard; name = Base; path = Base.lproj/LaunchScreen.storyboard; sourceTree = "<group>"; };
		DB2275D923D5F0A2005C015B /* Info.plist */ = {isa = PBXFileReference; lastKnownFileType = text.plist.xml; path = Info.plist; sourceTree = "<group>"; };
		DB2275E123D5F523005C015B /* CollectionViewCell.swift */ = {isa = PBXFileReference; lastKnownFileType = sourcecode.swift; path = CollectionViewCell.swift; sourceTree = "<group>"; };
		DBDCC75823D70BE300FAA5EE /* ImageViewController.swift */ = {isa = PBXFileReference; lastKnownFileType = sourcecode.swift; path = ImageViewController.swift; sourceTree = "<group>"; };
/* End PBXFileReference section */

/* Begin PBXFrameworksBuildPhase section */
		DB2275C723D5F09C005C015B /* Frameworks */ = {
			isa = PBXFrameworksBuildPhase;
			buildActionMask = 2147483647;
			files = (
			);
			runOnlyForDeploymentPostprocessing = 0;
		};
/* End PBXFrameworksBuildPhase section */

/* Begin PBXGroup section */
		DB2275C123D5F09C005C015B = {
			isa = PBXGroup;
			children = (
				DB2275CC23D5F09C005C015B /* D03 */,
				DB2275CB23D5F09C005C015B /* Products */,
			);
			sourceTree = "<group>";
		};
		DB2275CB23D5F09C005C015B /* Products */ = {
			isa = PBXGroup;
			children = (
				DB2275CA23D5F09C005C015B /* D03.app */,
			);
			name = Products;
			sourceTree = "<group>";
		};
		DB2275CC23D5F09C005C015B /* D03 */ = {
			isa = PBXGroup;
			children = (
				DB2275CD23D5F09C005C015B /* AppDelegate.swift */,
				DB2275CF23D5F09C005C015B /* ViewController.swift */,
				DBDCC75823D70BE300FAA5EE /* ImageViewController.swift */,
				DB2275E123D5F523005C015B /* CollectionViewCell.swift */,
				DB2275D123D5F09C005C015B /* Main.storyboard */,
				DB2275D423D5F0A2005C015B /* Assets.xcassets */,
				DB2275D623D5F0A2005C015B /* LaunchScreen.storyboard */,
				DB2275D923D5F0A2005C015B /* Info.plist */,
			);
			path = D03;
			sourceTree = "<group>";
		};
/* End PBXGroup section */

/* Begin PBXNativeTarget section */
		DB2275C923D5F09C005C015B /* D03 */ = {
			isa = PBXNativeTarget;
			buildConfigurationList = DB2275DC23D5F0A2005C015B /* Build configuration list for PBXNativeTarget "D03" */;
			buildPhases = (
				DB2275C623D5F09C005C015B /* Sources */,
				DB2275C723D5F09C005C015B /* Frameworks */,
				DB2275C823D5F09C005C015B /* Resources */,
			);
			buildRules = (
			);
			dependencies = (
			);
			name = D03;
			productName = D03;
			productReference = DB2275CA23D5F09C005C015B /* D03.app */;
			productType = "com.apple.product-type.application";
		};
/* End PBXNativeTarget section */

/* Begin PBXProject section */
		DB2275C223D5F09C005C015B /* Project object */ = {
			isa = PBXProject;
			attributes = {
				LastSwiftUpdateCheck = 1030;
				LastUpgradeCheck = 1030;
				ORGANIZATIONNAME = "Maxime JOUBERT";
				TargetAttributes = {
					DB2275C923D5F09C005C015B = {
						CreatedOnToolsVersion = 10.3;
					};
				};
			};
			buildConfigurationList = DB2275C523D5F09C005C015B /* Build configuration list for PBXProject "D03" */;
			compatibilityVersion = "Xcode 9.3";
			developmentRegion = en;
			hasScannedForEncodings = 0;
			knownRegions = (
				en,
				Base,
			);
			mainGroup = DB2275C123D5F09C005C015B;
			productRefGroup = DB2275CB23D5F09C005C015B /* Products */;
			projectDirPath = "";
			projectRoot = "";
			targets = (
				DB2275C923D5F09C005C015B /* D03 */,
			);
		};
/* End PBXProject section */

/* Begin PBXResourcesBuildPhase section */
		DB2275C823D5F09C005C015B /* Resources */ = {
			isa = PBXResourcesBuildPhase;
			buildActionMask = 2147483647;
			files = (
				DB2275D823D5F0A2005C015B /* LaunchScreen.storyboard in Resources */,
				DB2275D523D5F0A2005C015B /* Assets.xcassets in Resources */,
				DB2275D323D5F09C005C015B /* Main.storyboard in Resources */,
			);
			runOnlyForDeploymentPostprocessing = 0;
		};
/* End PBXResourcesBuildPhase section */

/* Begin PBXSourcesBuildPhase section */
		DB2275C623D5F09C005C015B /* Sources */ = {
			isa = PBXSourcesBuildPhase;
			buildActionMask = 2147483647;
			files = (
				DB2275D023D5F09C005C015B /* ViewController.swift in Sources */,
				DB2275CE23D5F09C005C015B /* AppDelegate.swift in Sources */,
				DBDCC75923D70BE300FAA5EE /* ImageViewController.swift in Sources */,
				DB2275E223D5F523005C015B /* CollectionViewCell.swift in Sources */,
			);
			runOnlyForDeploymentPostprocessing = 0;
		};
/* End PBXSourcesBuildPhase section */

/* Begin PBXVariantGroup section */
		DB2275D123D5F09C005C015B /* Main.storyboard */ = {
			isa = PBXVariantGroup;
			children = (
				DB2275D223D5F09C005C015B /* Base */,
			);
			name = Main.storyboard;
			sourceTree = "<group>";
		};
		DB2275D623D5F0A2005C015B /* LaunchScreen.storyboard */ = {
			isa = PBXVariantGroup;
			children = (
				DB2275D723D5F0A2005C015B /* Base */,
			);
			name = LaunchScreen.storyboard;
			sourceTree = "<group>";
		};
/* End PBXVariantGroup section */

/* Begin XCBuildConfiguration section */
		DB2275DA23D5F0A2005C015B /* Debug */ = {
			isa = XCBuildConfiguration;
			buildSettings = {
				ALWAYS_SEARCH_USER_PATHS = NO;
				CLANG_ANALYZER_NONNULL = YES;
				CLANG_ANALYZER_NUMBER_OBJECT_CONVERSION = YES_AGGRESSIVE;
				CLANG_CXX_LANGUAGE_STANDARD = "gnu++14";
				CLANG_CXX_LIBRARY = "libc++";
				CLANG_ENABLE_MODULES = YES;
				CLANG_ENABLE_OBJC_ARC = YES;
				CLANG_ENABLE_OBJC_WEAK = YES;
				CLANG_WARN_BLOCK_CAPTURE_AUTORELEASING = YES;
				CLANG_WARN_BOOL_CONVERSION = YES;
				CLANG_WARN_COMMA = YES;
				CLANG_WARN_CONSTANT_CONVERSION = YES;
				CLANG_WARN_DEPRECATED_OBJC_IMPLEMENTATIONS = YES;
				CLANG_WARN_DIRECT_OBJC_ISA_USAGE = YES_ERROR;
				CLANG_WARN_DOCUMENTATION_COMMENTS = YES;
				CLANG_WARN_EMPTY_BODY = YES;
				CLANG_WARN_ENUM_CONVERSION = YES;
				CLANG_WARN_INFINITE_RECURSION = YES;
				CLANG_WARN_INT_CONVERSION = YES;
				CLANG_WARN_NON_LITERAL_NULL_CONVERSION = YES;
				CLANG_WARN_OBJC_IMPLICIT_RETAIN_SELF = YES;
				CLANG_WARN_OBJC_LITERAL_CONVERSION = YES;
				CLANG_WARN_OBJC_ROOT_CLASS = YES_ERROR;
				CLANG_WARN_RANGE_LOOP_ANALYSIS = YES;
				CLANG_WARN_STRICT_PROTOTYPES = YES;
				CLANG_WARN_SUSPICIOUS_MOVE = YES;
				CLANG_WARN_UNGUARDED_AVAILABILITY = YES_AGGRESSIVE;
				CLANG_WARN_UNREACHABLE_CODE = YES;
				CLANG_WARN__DUPLICATE_METHOD_MATCH = YES;
				CODE_SIGN_IDENTITY = "iPhone Developer";
				COPY_PHASE_STRIP = NO;
				DEBUG_INFORMATION_FORMAT = dwarf;
				ENABLE_STRICT_OBJC_MSGSEND = YES;
				ENABLE_TESTABILITY = YES;
				GCC_C_LANGUAGE_STANDARD = gnu11;
				GCC_DYNAMIC_NO_PIC = NO;
				GCC_NO_COMMON_BLOCKS = YES;
				GCC_OPTIMIZATION_LEVEL = 0;
				GCC_PREPROCESSOR_DEFINITIONS = (
					"DEBUG=1",
					"$(inherited)",
				);
				GCC_WARN_64_TO_32_BIT_CONVERSION = YES;
				GCC_WARN_ABOUT_RETURN_TYPE = YES_ERROR;
				GCC_WARN_UNDECLARED_SELECTOR = YES;
				GCC_WARN_UNINITIALIZED_AUTOS = YES_AGGRESSIVE;
				GCC_WARN_UNUSED_FUNCTION = YES;
				GCC_WARN_UNUSED_VARIABLE = YES;
				IPHONEOS_DEPLOYMENT_TARGET = 12.4;
				MTL_ENABLE_DEBUG_INFO = INCLUDE_SOURCE;
				MTL_FAST_MATH = YES;
				ONLY_ACTIVE_ARCH = YES;
				SDKROOT = iphoneos;
				SWIFT_ACTIVE_COMPILATION_CONDITIONS = DEBUG;
				SWIFT_OPTIMIZATION_LEVEL = "-Onone";
			};
			name = Debug;
		};
		DB2275DB23D5F0A2005C015B /* Release */ = {
			isa = XCBuildConfiguration;
			buildSettings = {
				ALWAYS_SEARCH_USER_PATHS = NO;
				CLANG_ANALYZER_NONNULL = YES;
				CLANG_ANALYZER_NUMBER_OBJECT_CONVERSION = YES_AGGRESSIVE;
				CLANG_CXX_LANGUAGE_STANDARD = "gnu++14";
				CLANG_CXX_LIBRARY = "libc++";
				CLANG_ENABLE_MODULES = YES;
				CLANG_ENABLE_OBJC_ARC = YES;
				CLANG_ENABLE_OBJC_WEAK = YES;
				CLANG_WARN_BLOCK_CAPTURE_AUTORELEASING = YES;
				CLANG_WARN_BOOL_CONVERSION = YES;
				CLANG_WARN_COMMA = YES;
				CLANG_WARN_CONSTANT_CONVERSION = YES;
				CLANG_WARN_DEPRECATED_OBJC_IMPLEMENTATIONS = YES;
				CLANG_WARN_DIRECT_OBJC_ISA_USAGE = YES_ERROR;
				CLANG_WARN_DOCUMENTATION_COMMENTS = YES;
				CLANG_WARN_EMPTY_BODY = YES;
				CLANG_WARN_ENUM_CONVERSION = YES;
				CLANG_WARN_INFINITE_RECURSION = YES;
				CLANG_WARN_INT_CONVERSION = YES;
				CLANG_WARN_NON_LITERAL_NULL_CONVERSION = YES;
				CLANG_WARN_OBJC_IMPLICIT_RETAIN_SELF = YES;
				CLANG_WARN_OBJC_LITERAL_CONVERSION = YES;
				CLANG_WARN_OBJC_ROOT_CLASS = YES_ERROR;
				CLANG_WARN_RANGE_LOOP_ANALYSIS = YES;
				CLANG_WARN_STRICT_PROTOTYPES = YES;
				CLANG_WARN_SUSPICIOUS_MOVE = YES;
				CLANG_WARN_UNGUARDED_AVAILABILITY = YES_AGGRESSIVE;
				CLANG_WARN_UNREACHABLE_CODE = YES;
				CLANG_WARN__DUPLICATE_METHOD_MATCH = YES;
				CODE_SIGN_IDENTITY = "iPhone Developer";
				COPY_PHASE_STRIP = NO;
				DEBUG_INFORMATION_FORMAT = "dwarf-with-dsym";
				ENABLE_NS_ASSERTIONS = NO;
				ENABLE_STRICT_OBJC_MSGSEND = YES;
				GCC_C_LANGUAGE_STANDARD = gnu11;
				GCC_NO_COMMON_BLOCKS = YES;
				GCC_WARN_64_TO_32_BIT_CONVERSION = YES;
				GCC_WARN_ABOUT_RETURN_TYPE = YES_ERROR;
				GCC_WARN_UNDECLARED_SELECTOR = YES;
				GCC_WARN_UNINITIALIZED_AUTOS = YES_AGGRESSIVE;
				GCC_WARN_UNUSED_FUNCTION = YES;
				GCC_WARN_UNUSED_VARIABLE = YES;
				IPHONEOS_DEPLOYMENT_TARGET = 12.4;
				MTL_ENABLE_DEBUG_INFO = NO;
				MTL_FAST_MATH = YES;
				SDKROOT = iphoneos;
				SWIFT_COMPILATION_MODE = wholemodule;
				SWIFT_OPTIMIZATION_LEVEL = "-O";
				VALIDATE_PRODUCT = YES;
			};
			name = Release;
		};
		DB2275DD23D5F0A2005C015B /* Debug */ = {
			isa = XCBuildConfiguration;
			buildSettings = {
				ASSETCATALOG_COMPILER_APPICON_NAME = AppIcon;
				CODE_SIGN_STYLE = Automatic;
				INFOPLIST_FILE = D03/Info.plist;
				LD_RUNPATH_SEARCH_PATHS = (
					"$(inherited)",
					"@executable_path/Frameworks",
				);
				PRODUCT_BUNDLE_IDENTIFIER = mjoubert.D03;
				PRODUCT_NAME = "$(TARGET_NAME)";
				SWIFT_VERSION = 5.0;
				TARGETED_DEVICE_FAMILY = "1,2";
			};
			name = Debug;
		};
		DB2275DE23D5F0A2005C015B /* Release */ = {
			isa = XCBuildConfiguration;
			buildSettings = {
				ASSETCATALOG_COMPILER_APPICON_NAME = AppIcon;
				CODE_SIGN_STYLE = Automatic;
				INFOPLIST_FILE = D03/Info.plist;
				LD_RUNPATH_SEARCH_PATHS = (
					"$(inherited)",
					"@executable_path/Frameworks",
				);
				PRODUCT_BUNDLE_IDENTIFIER = mjoubert.D03;
				PRODUCT_NAME = "$(TARGET_NAME)";
				SWIFT_VERSION = 5.0;
				TARGETED_DEVICE_FAMILY = "1,2";
			};
			name = Release;
		};
/* End XCBuildConfiguration section */

/* Begin XCConfigurationList section */
		DB2275C523D5F09C005C015B /* Build configuration list for PBXProject "D03" */ = {
			isa = XCConfigurationList;
			buildConfigurations = (
				DB2275DA23D5F0A2005C015B /* Debug */,
				DB2275DB23D5F0A2005C015B /* Release */,
			);
			defaultConfigurationIsVisible = 0;
			defaultConfigurationName = Release;
		};
		DB2275DC23D5F0A2005C015B /* Build configuration list for PBXNativeTarget "D03" */ = {
			isa = XCConfigurationList;
			buildConfigurations = (
				DB2275DD23D5F0A2005C015B /* Debug */,
				DB2275DE23D5F0A2005C015B /* Release */,
			);
			defaultConfigurationIsVisible = 0;
			defaultConfigurationName = Release;
		};
/* End XCConfigurationList section */
	};
	rootObject = DB2275C223D5F09C005C015B /* Project object */;
}
