// !$*UTF8*$!
{
	archiveVersion = 1;
	classes = {
	};
	objectVersion = 50;
	objects = {

/* Begin PBXBuildFile section */
		DB2D443F23D20B1600EC74AC /* AppDelegate.swift in Sources */ = {isa = PBXBuildFile; fileRef = DB2D443E23D20B1600EC74AC /* AppDelegate.swift */; };
		DB2D444123D20B1600EC74AC /* ViewController.swift in Sources */ = {isa = PBXBuildFile; fileRef = DB2D444023D20B1600EC74AC /* ViewController.swift */; };
		DB2D444423D20B1600EC74AC /* Main.storyboard in Resources */ = {isa = PBXBuildFile; fileRef = DB2D444223D20B1600EC74AC /* Main.storyboard */; };
		DB2D444623D20B1800EC74AC /* Assets.xcassets in Resources */ = {isa = PBXBuildFile; fileRef = DB2D444523D20B1800EC74AC /* Assets.xcassets */; };
		DB2D444923D20B1800EC74AC /* LaunchScreen.storyboard in Resources */ = {isa = PBXBuildFile; fileRef = DB2D444723D20B1800EC74AC /* LaunchScreen.storyboard */; };
		DB2D445123D212C700EC74AC /* Data.swift in Sources */ = {isa = PBXBuildFile; fileRef = DB2D445023D212C700EC74AC /* Data.swift */; };
		DB2D445323D21D2E00EC74AC /* deathNoteTableViewCell.swift in Sources */ = {isa = PBXBuildFile; fileRef = DB2D445223D21D2E00EC74AC /* deathNoteTableViewCell.swift */; };
		DB86D9A923D326BE0066D7E1 /* SecondViewController.swift in Sources */ = {isa = PBXBuildFile; fileRef = DB86D9A823D326BE0066D7E1 /* SecondViewController.swift */; };
/* End PBXBuildFile section */

/* Begin PBXFileReference section */
		DB2D443B23D20B1600EC74AC /* D02.app */ = {isa = PBXFileReference; explicitFileType = wrapper.application; includeInIndex = 0; path = D02.app; sourceTree = BUILT_PRODUCTS_DIR; };
		DB2D443E23D20B1600EC74AC /* AppDelegate.swift */ = {isa = PBXFileReference; lastKnownFileType = sourcecode.swift; path = AppDelegate.swift; sourceTree = "<group>"; };
		DB2D444023D20B1600EC74AC /* ViewController.swift */ = {isa = PBXFileReference; lastKnownFileType = sourcecode.swift; path = ViewController.swift; sourceTree = "<group>"; };
		DB2D444323D20B1600EC74AC /* Base */ = {isa = PBXFileReference; lastKnownFileType = file.storyboard; name = Base; path = Base.lproj/Main.storyboard; sourceTree = "<group>"; };
		DB2D444523D20B1800EC74AC /* Assets.xcassets */ = {isa = PBXFileReference; lastKnownFileType = folder.assetcatalog; path = Assets.xcassets; sourceTree = "<group>"; };
		DB2D444823D20B1800EC74AC /* Base */ = {isa = PBXFileReference; lastKnownFileType = file.storyboard; name = Base; path = Base.lproj/LaunchScreen.storyboard; sourceTree = "<group>"; };
		DB2D444A23D20B1800EC74AC /* Info.plist */ = {isa = PBXFileReference; lastKnownFileType = text.plist.xml; path = Info.plist; sourceTree = "<group>"; };
		DB2D445023D212C700EC74AC /* Data.swift */ = {isa = PBXFileReference; lastKnownFileType = sourcecode.swift; path = Data.swift; sourceTree = "<group>"; };
		DB2D445223D21D2E00EC74AC /* deathNoteTableViewCell.swift */ = {isa = PBXFileReference; lastKnownFileType = sourcecode.swift; path = deathNoteTableViewCell.swift; sourceTree = "<group>"; };
		DB86D9A823D326BE0066D7E1 /* SecondViewController.swift */ = {isa = PBXFileReference; lastKnownFileType = sourcecode.swift; path = SecondViewController.swift; sourceTree = "<group>"; };
/* End PBXFileReference section */

/* Begin PBXFrameworksBuildPhase section */
		DB2D443823D20B1600EC74AC /* Frameworks */ = {
			isa = PBXFrameworksBuildPhase;
			buildActionMask = 2147483647;
			files = (
			);
			runOnlyForDeploymentPostprocessing = 0;
		};
/* End PBXFrameworksBuildPhase section */

/* Begin PBXGroup section */
		DB2D443223D20B1600EC74AC = {
			isa = PBXGroup;
			children = (
				DB2D443D23D20B1600EC74AC /* D02 */,
				DB2D443C23D20B1600EC74AC /* Products */,
			);
			sourceTree = "<group>";
		};
		DB2D443C23D20B1600EC74AC /* Products */ = {
			isa = PBXGroup;
			children = (
				DB2D443B23D20B1600EC74AC /* D02.app */,
			);
			name = Products;
			sourceTree = "<group>";
		};
		DB2D443D23D20B1600EC74AC /* D02 */ = {
			isa = PBXGroup;
			children = (
				DB2D443E23D20B1600EC74AC /* AppDelegate.swift */,
				DB2D444023D20B1600EC74AC /* ViewController.swift */,
				DB86D9A823D326BE0066D7E1 /* SecondViewController.swift */,
				DB2D445023D212C700EC74AC /* Data.swift */,
				DB2D444223D20B1600EC74AC /* Main.storyboard */,
				DB2D445223D21D2E00EC74AC /* deathNoteTableViewCell.swift */,
				DB2D444523D20B1800EC74AC /* Assets.xcassets */,
				DB2D444723D20B1800EC74AC /* LaunchScreen.storyboard */,
				DB2D444A23D20B1800EC74AC /* Info.plist */,
			);
			path = D02;
			sourceTree = "<group>";
		};
/* End PBXGroup section */

/* Begin PBXNativeTarget section */
		DB2D443A23D20B1600EC74AC /* D02 */ = {
			isa = PBXNativeTarget;
			buildConfigurationList = DB2D444D23D20B1800EC74AC /* Build configuration list for PBXNativeTarget "D02" */;
			buildPhases = (
				DB2D443723D20B1600EC74AC /* Sources */,
				DB2D443823D20B1600EC74AC /* Frameworks */,
				DB2D443923D20B1600EC74AC /* Resources */,
			);
			buildRules = (
			);
			dependencies = (
			);
			name = D02;
			productName = D02;
			productReference = DB2D443B23D20B1600EC74AC /* D02.app */;
			productType = "com.apple.product-type.application";
		};
/* End PBXNativeTarget section */

/* Begin PBXProject section */
		DB2D443323D20B1600EC74AC /* Project object */ = {
			isa = PBXProject;
			attributes = {
				LastSwiftUpdateCheck = 1030;
				LastUpgradeCheck = 1030;
				ORGANIZATIONNAME = "Maxime JOUBERT";
				TargetAttributes = {
					DB2D443A23D20B1600EC74AC = {
						CreatedOnToolsVersion = 10.3;
					};
				};
			};
			buildConfigurationList = DB2D443623D20B1600EC74AC /* Build configuration list for PBXProject "D02" */;
			compatibilityVersion = "Xcode 9.3";
			developmentRegion = en;
			hasScannedForEncodings = 0;
			knownRegions = (
				en,
				Base,
			);
			mainGroup = DB2D443223D20B1600EC74AC;
			productRefGroup = DB2D443C23D20B1600EC74AC /* Products */;
			projectDirPath = "";
			projectRoot = "";
			targets = (
				DB2D443A23D20B1600EC74AC /* D02 */,
			);
		};
/* End PBXProject section */

/* Begin PBXResourcesBuildPhase section */
		DB2D443923D20B1600EC74AC /* Resources */ = {
			isa = PBXResourcesBuildPhase;
			buildActionMask = 2147483647;
			files = (
				DB2D444923D20B1800EC74AC /* LaunchScreen.storyboard in Resources */,
				DB2D444623D20B1800EC74AC /* Assets.xcassets in Resources */,
				DB2D444423D20B1600EC74AC /* Main.storyboard in Resources */,
			);
			runOnlyForDeploymentPostprocessing = 0;
		};
/* End PBXResourcesBuildPhase section */

/* Begin PBXSourcesBuildPhase section */
		DB2D443723D20B1600EC74AC /* Sources */ = {
			isa = PBXSourcesBuildPhase;
			buildActionMask = 2147483647;
			files = (
				DB2D444123D20B1600EC74AC /* ViewController.swift in Sources */,
				DB2D445123D212C700EC74AC /* Data.swift in Sources */,
				DB2D445323D21D2E00EC74AC /* deathNoteTableViewCell.swift in Sources */,
				DB86D9A923D326BE0066D7E1 /* SecondViewController.swift in Sources */,
				DB2D443F23D20B1600EC74AC /* AppDelegate.swift in Sources */,
			);
			runOnlyForDeploymentPostprocessing = 0;
		};
/* End PBXSourcesBuildPhase section */

/* Begin PBXVariantGroup section */
		DB2D444223D20B1600EC74AC /* Main.storyboard */ = {
			isa = PBXVariantGroup;
			children = (
				DB2D444323D20B1600EC74AC /* Base */,
			);
			name = Main.storyboard;
			sourceTree = "<group>";
		};
		DB2D444723D20B1800EC74AC /* LaunchScreen.storyboard */ = {
			isa = PBXVariantGroup;
			children = (
				DB2D444823D20B1800EC74AC /* Base */,
			);
			name = LaunchScreen.storyboard;
			sourceTree = "<group>";
		};
/* End PBXVariantGroup section */

/* Begin XCBuildConfiguration section */
		DB2D444B23D20B1800EC74AC /* Debug */ = {
			isa = XCBuildConfiguration;
			buildSettings = {
				ALWAYS_SEARCH_USER_PATHS = NO;
				CLANG_ANALYZER_NONNULL = YES;
				CLANG_ANALYZER_NUMBER_OBJECT_CONVERSION = YES_AGGRESSIVE;
				CLANG_CXX_LANGUAGE_STANDARD = "gnu++14";
				CLANG_CXX_LIBRARY = "libc++";
				CLANG_ENABLE_MODULES = YES;
				CLANG_ENABLE_OBJC_ARC = YES;
				CLANG_ENABLE_OBJC_WEAK = YES;
				CLANG_WARN_BLOCK_CAPTURE_AUTORELEASING = YES;
				CLANG_WARN_BOOL_CONVERSION = YES;
				CLANG_WARN_COMMA = YES;
				CLANG_WARN_CONSTANT_CONVERSION = YES;
				CLANG_WARN_DEPRECATED_OBJC_IMPLEMENTATIONS = YES;
				CLANG_WARN_DIRECT_OBJC_ISA_USAGE = YES_ERROR;
				CLANG_WARN_DOCUMENTATION_COMMENTS = YES;
				CLANG_WARN_EMPTY_BODY = YES;
				CLANG_WARN_ENUM_CONVERSION = YES;
				CLANG_WARN_INFINITE_RECURSION = YES;
				CLANG_WARN_INT_CONVERSION = YES;
				CLANG_WARN_NON_LITERAL_NULL_CONVERSION = YES;
				CLANG_WARN_OBJC_IMPLICIT_RETAIN_SELF = YES;
				CLANG_WARN_OBJC_LITERAL_CONVERSION = YES;
				CLANG_WARN_OBJC_ROOT_CLASS = YES_ERROR;
				CLANG_WARN_RANGE_LOOP_ANALYSIS = YES;
				CLANG_WARN_STRICT_PROTOTYPES = YES;
				CLANG_WARN_SUSPICIOUS_MOVE = YES;
				CLANG_WARN_UNGUARDED_AVAILABILITY = YES_AGGRESSIVE;
				CLANG_WARN_UNREACHABLE_CODE = YES;
				CLANG_WARN__DUPLICATE_METHOD_MATCH = YES;
				CODE_SIGN_IDENTITY = "iPhone Developer";
				COPY_PHASE_STRIP = NO;
				DEBUG_INFORMATION_FORMAT = dwarf;
				ENABLE_STRICT_OBJC_MSGSEND = YES;
				ENABLE_TESTABILITY = YES;
				GCC_C_LANGUAGE_STANDARD = gnu11;
				GCC_DYNAMIC_NO_PIC = NO;
				GCC_NO_COMMON_BLOCKS = YES;
				GCC_OPTIMIZATION_LEVEL = 0;
				GCC_PREPROCESSOR_DEFINITIONS = (
					"DEBUG=1",
					"$(inherited)",
				);
				GCC_WARN_64_TO_32_BIT_CONVERSION = YES;
				GCC_WARN_ABOUT_RETURN_TYPE = YES_ERROR;
				GCC_WARN_UNDECLARED_SELECTOR = YES;
				GCC_WARN_UNINITIALIZED_AUTOS = YES_AGGRESSIVE;
				GCC_WARN_UNUSED_FUNCTION = YES;
				GCC_WARN_UNUSED_VARIABLE = YES;
				IPHONEOS_DEPLOYMENT_TARGET = 12.4;
				MTL_ENABLE_DEBUG_INFO = INCLUDE_SOURCE;
				MTL_FAST_MATH = YES;
				ONLY_ACTIVE_ARCH = YES;
				SDKROOT = iphoneos;
				SWIFT_ACTIVE_COMPILATION_CONDITIONS = DEBUG;
				SWIFT_OPTIMIZATION_LEVEL = "-Onone";
			};
			name = Debug;
		};
		DB2D444C23D20B1800EC74AC /* Release */ = {
			isa = XCBuildConfiguration;
			buildSettings = {
				ALWAYS_SEARCH_USER_PATHS = NO;
				CLANG_ANALYZER_NONNULL = YES;
				CLANG_ANALYZER_NUMBER_OBJECT_CONVERSION = YES_AGGRESSIVE;
				CLANG_CXX_LANGUAGE_STANDARD = "gnu++14";
				CLANG_CXX_LIBRARY = "libc++";
				CLANG_ENABLE_MODULES = YES;
				CLANG_ENABLE_OBJC_ARC = YES;
				CLANG_ENABLE_OBJC_WEAK = YES;
				CLANG_WARN_BLOCK_CAPTURE_AUTORELEASING = YES;
				CLANG_WARN_BOOL_CONVERSION = YES;
				CLANG_WARN_COMMA = YES;
				CLANG_WARN_CONSTANT_CONVERSION = YES;
				CLANG_WARN_DEPRECATED_OBJC_IMPLEMENTATIONS = YES;
				CLANG_WARN_DIRECT_OBJC_ISA_USAGE = YES_ERROR;
				CLANG_WARN_DOCUMENTATION_COMMENTS = YES;
				CLANG_WARN_EMPTY_BODY = YES;
				CLANG_WARN_ENUM_CONVERSION = YES;
				CLANG_WARN_INFINITE_RECURSION = YES;
				CLANG_WARN_INT_CONVERSION = YES;
				CLANG_WARN_NON_LITERAL_NULL_CONVERSION = YES;
				CLANG_WARN_OBJC_IMPLICIT_RETAIN_SELF = YES;
				CLANG_WARN_OBJC_LITERAL_CONVERSION = YES;
				CLANG_WARN_OBJC_ROOT_CLASS = YES_ERROR;
				CLANG_WARN_RANGE_LOOP_ANALYSIS = YES;
				CLANG_WARN_STRICT_PROTOTYPES = YES;
				CLANG_WARN_SUSPICIOUS_MOVE = YES;
				CLANG_WARN_UNGUARDED_AVAILABILITY = YES_AGGRESSIVE;
				CLANG_WARN_UNREACHABLE_CODE = YES;
				CLANG_WARN__DUPLICATE_METHOD_MATCH = YES;
				CODE_SIGN_IDENTITY = "iPhone Developer";
				COPY_PHASE_STRIP = NO;
				DEBUG_INFORMATION_FORMAT = "dwarf-with-dsym";
				ENABLE_NS_ASSERTIONS = NO;
				ENABLE_STRICT_OBJC_MSGSEND = YES;
				GCC_C_LANGUAGE_STANDARD = gnu11;
				GCC_NO_COMMON_BLOCKS = YES;
				GCC_WARN_64_TO_32_BIT_CONVERSION = YES;
				GCC_WARN_ABOUT_RETURN_TYPE = YES_ERROR;
				GCC_WARN_UNDECLARED_SELECTOR = YES;
				GCC_WARN_UNINITIALIZED_AUTOS = YES_AGGRESSIVE;
				GCC_WARN_UNUSED_FUNCTION = YES;
				GCC_WARN_UNUSED_VARIABLE = YES;
				IPHONEOS_DEPLOYMENT_TARGET = 12.4;
				MTL_ENABLE_DEBUG_INFO = NO;
				MTL_FAST_MATH = YES;
				SDKROOT = iphoneos;
				SWIFT_COMPILATION_MODE = wholemodule;
				SWIFT_OPTIMIZATION_LEVEL = "-O";
				VALIDATE_PRODUCT = YES;
			};
			name = Release;
		};
		DB2D444E23D20B1800EC74AC /* Debug */ = {
			isa = XCBuildConfiguration;
			buildSettings = {
				ASSETCATALOG_COMPILER_APPICON_NAME = AppIcon;
				CODE_SIGN_STYLE = Automatic;
				INFOPLIST_FILE = D02/Info.plist;
				LD_RUNPATH_SEARCH_PATHS = (
					"$(inherited)",
					"@executable_path/Frameworks",
				);
				PRODUCT_BUNDLE_IDENTIFIER = mjoubert.D02;
				PRODUCT_NAME = "$(TARGET_NAME)";
				SWIFT_VERSION = 5.0;
				TARGETED_DEVICE_FAMILY = "1,2";
			};
			name = Debug;
		};
		DB2D444F23D20B1800EC74AC /* Release */ = {
			isa = XCBuildConfiguration;
			buildSettings = {
				ASSETCATALOG_COMPILER_APPICON_NAME = AppIcon;
				CODE_SIGN_STYLE = Automatic;
				INFOPLIST_FILE = D02/Info.plist;
				LD_RUNPATH_SEARCH_PATHS = (
					"$(inherited)",
					"@executable_path/Frameworks",
				);
				PRODUCT_BUNDLE_IDENTIFIER = mjoubert.D02;
				PRODUCT_NAME = "$(TARGET_NAME)";
				SWIFT_VERSION = 5.0;
				TARGETED_DEVICE_FAMILY = "1,2";
			};
			name = Release;
		};
/* End XCBuildConfiguration section */

/* Begin XCConfigurationList section */
		DB2D443623D20B1600EC74AC /* Build configuration list for PBXProject "D02" */ = {
			isa = XCConfigurationList;
			buildConfigurations = (
				DB2D444B23D20B1800EC74AC /* Debug */,
				DB2D444C23D20B1800EC74AC /* Release */,
			);
			defaultConfigurationIsVisible = 0;
			defaultConfigurationName = Release;
		};
		DB2D444D23D20B1800EC74AC /* Build configuration list for PBXNativeTarget "D02" */ = {
			isa = XCConfigurationList;
			buildConfigurations = (
				DB2D444E23D20B1800EC74AC /* Debug */,
				DB2D444F23D20B1800EC74AC /* Release */,
			);
			defaultConfigurationIsVisible = 0;
			defaultConfigurationName = Release;
		};
/* End XCConfigurationList section */
	};
	rootObject = DB2D443323D20B1600EC74AC /* Project object */;
}
