// !$*UTF8*$!
{
	archiveVersion = 1;
	classes = {
	};
	objectVersion = 50;
	objects = {

/* Begin PBXBuildFile section */
		DB441A5D23E08C1800603DBF /* AppDelegate.swift in Sources */ = {isa = PBXBuildFile; fileRef = DB441A5C23E08C1800603DBF /* AppDelegate.swift */; };
		DB441A5F23E08C1800603DBF /* ViewController.swift in Sources */ = {isa = PBXBuildFile; fileRef = DB441A5E23E08C1800603DBF /* ViewController.swift */; };
		DB441A6223E08C1800603DBF /* Main.storyboard in Resources */ = {isa = PBXBuildFile; fileRef = DB441A6023E08C1800603DBF /* Main.storyboard */; };
		DB441A6423E08C1F00603DBF /* Assets.xcassets in Resources */ = {isa = PBXBuildFile; fileRef = DB441A6323E08C1F00603DBF /* Assets.xcassets */; };
		DB441A6723E08C1F00603DBF /* LaunchScreen.storyboard in Resources */ = {isa = PBXBuildFile; fileRef = DB441A6523E08C1F00603DBF /* LaunchScreen.storyboard */; };
		DB441A6F23E0924600603DBF /* Form.swift in Sources */ = {isa = PBXBuildFile; fileRef = DB441A6E23E0924600603DBF /* Form.swift */; };
/* End PBXBuildFile section */

/* Begin PBXFileReference section */
		DB441A5923E08C1800603DBF /* D06.app */ = {isa = PBXFileReference; explicitFileType = wrapper.application; includeInIndex = 0; path = D06.app; sourceTree = BUILT_PRODUCTS_DIR; };
		DB441A5C23E08C1800603DBF /* AppDelegate.swift */ = {isa = PBXFileReference; lastKnownFileType = sourcecode.swift; path = AppDelegate.swift; sourceTree = "<group>"; };
		DB441A5E23E08C1800603DBF /* ViewController.swift */ = {isa = PBXFileReference; lastKnownFileType = sourcecode.swift; path = ViewController.swift; sourceTree = "<group>"; };
		DB441A6123E08C1800603DBF /* Base */ = {isa = PBXFileReference; lastKnownFileType = file.storyboard; name = Base; path = Base.lproj/Main.storyboard; sourceTree = "<group>"; };
		DB441A6323E08C1F00603DBF /* Assets.xcassets */ = {isa = PBXFileReference; lastKnownFileType = folder.assetcatalog; path = Assets.xcassets; sourceTree = "<group>"; };
		DB441A6623E08C1F00603DBF /* Base */ = {isa = PBXFileReference; lastKnownFileType = file.storyboard; name = Base; path = Base.lproj/LaunchScreen.storyboard; sourceTree = "<group>"; };
		DB441A6823E08C1F00603DBF /* Info.plist */ = {isa = PBXFileReference; lastKnownFileType = text.plist.xml; path = Info.plist; sourceTree = "<group>"; };
		DB441A6E23E0924600603DBF /* Form.swift */ = {isa = PBXFileReference; lastKnownFileType = sourcecode.swift; path = Form.swift; sourceTree = "<group>"; };
/* End PBXFileReference section */

/* Begin PBXFrameworksBuildPhase section */
		DB441A5623E08C1800603DBF /* Frameworks */ = {
			isa = PBXFrameworksBuildPhase;
			buildActionMask = 2147483647;
			files = (
			);
			runOnlyForDeploymentPostprocessing = 0;
		};
/* End PBXFrameworksBuildPhase section */

/* Begin PBXGroup section */
		DB441A5023E08C1800603DBF = {
			isa = PBXGroup;
			children = (
				DB441A5B23E08C1800603DBF /* D06 */,
				DB441A5A23E08C1800603DBF /* Products */,
			);
			sourceTree = "<group>";
		};
		DB441A5A23E08C1800603DBF /* Products */ = {
			isa = PBXGroup;
			children = (
				DB441A5923E08C1800603DBF /* D06.app */,
			);
			name = Products;
			sourceTree = "<group>";
		};
		DB441A5B23E08C1800603DBF /* D06 */ = {
			isa = PBXGroup;
			children = (
				DB441A5C23E08C1800603DBF /* AppDelegate.swift */,
				DB441A5E23E08C1800603DBF /* ViewController.swift */,
				DB441A6E23E0924600603DBF /* Form.swift */,
				DB441A6023E08C1800603DBF /* Main.storyboard */,
				DB441A6323E08C1F00603DBF /* Assets.xcassets */,
				DB441A6523E08C1F00603DBF /* LaunchScreen.storyboard */,
				DB441A6823E08C1F00603DBF /* Info.plist */,
			);
			path = D06;
			sourceTree = "<group>";
		};
/* End PBXGroup section */

/* Begin PBXNativeTarget section */
		DB441A5823E08C1800603DBF /* D06 */ = {
			isa = PBXNativeTarget;
			buildConfigurationList = DB441A6B23E08C1F00603DBF /* Build configuration list for PBXNativeTarget "D06" */;
			buildPhases = (
				DB441A5523E08C1800603DBF /* Sources */,
				DB441A5623E08C1800603DBF /* Frameworks */,
				DB441A5723E08C1800603DBF /* Resources */,
			);
			buildRules = (
			);
			dependencies = (
			);
			name = D06;
			productName = D06;
			productReference = DB441A5923E08C1800603DBF /* D06.app */;
			productType = "com.apple.product-type.application";
		};
/* End PBXNativeTarget section */

/* Begin PBXProject section */
		DB441A5123E08C1800603DBF /* Project object */ = {
			isa = PBXProject;
			attributes = {
				LastSwiftUpdateCheck = 1030;
				LastUpgradeCheck = 1030;
				ORGANIZATIONNAME = "Maxime JOUBERT";
				TargetAttributes = {
					DB441A5823E08C1800603DBF = {
						CreatedOnToolsVersion = 10.3;
					};
				};
			};
			buildConfigurationList = DB441A5423E08C1800603DBF /* Build configuration list for PBXProject "D06" */;
			compatibilityVersion = "Xcode 9.3";
			developmentRegion = en;
			hasScannedForEncodings = 0;
			knownRegions = (
				en,
				Base,
			);
			mainGroup = DB441A5023E08C1800603DBF;
			productRefGroup = DB441A5A23E08C1800603DBF /* Products */;
			projectDirPath = "";
			projectRoot = "";
			targets = (
				DB441A5823E08C1800603DBF /* D06 */,
			);
		};
/* End PBXProject section */

/* Begin PBXResourcesBuildPhase section */
		DB441A5723E08C1800603DBF /* Resources */ = {
			isa = PBXResourcesBuildPhase;
			buildActionMask = 2147483647;
			files = (
				DB441A6723E08C1F00603DBF /* LaunchScreen.storyboard in Resources */,
				DB441A6423E08C1F00603DBF /* Assets.xcassets in Resources */,
				DB441A6223E08C1800603DBF /* Main.storyboard in Resources */,
			);
			runOnlyForDeploymentPostprocessing = 0;
		};
/* End PBXResourcesBuildPhase section */

/* Begin PBXSourcesBuildPhase section */
		DB441A5523E08C1800603DBF /* Sources */ = {
			isa = PBXSourcesBuildPhase;
			buildActionMask = 2147483647;
			files = (
				DB441A5F23E08C1800603DBF /* ViewController.swift in Sources */,
				DB441A5D23E08C1800603DBF /* AppDelegate.swift in Sources */,
				DB441A6F23E0924600603DBF /* Form.swift in Sources */,
			);
			runOnlyForDeploymentPostprocessing = 0;
		};
/* End PBXSourcesBuildPhase section */

/* Begin PBXVariantGroup section */
		DB441A6023E08C1800603DBF /* Main.storyboard */ = {
			isa = PBXVariantGroup;
			children = (
				DB441A6123E08C1800603DBF /* Base */,
			);
			name = Main.storyboard;
			sourceTree = "<group>";
		};
		DB441A6523E08C1F00603DBF /* LaunchScreen.storyboard */ = {
			isa = PBXVariantGroup;
			children = (
				DB441A6623E08C1F00603DBF /* Base */,
			);
			name = LaunchScreen.storyboard;
			sourceTree = "<group>";
		};
/* End PBXVariantGroup section */

/* Begin XCBuildConfiguration section */
		DB441A6923E08C1F00603DBF /* Debug */ = {
			isa = XCBuildConfiguration;
			buildSettings = {
				ALWAYS_SEARCH_USER_PATHS = NO;
				CLANG_ANALYZER_NONNULL = YES;
				CLANG_ANALYZER_NUMBER_OBJECT_CONVERSION = YES_AGGRESSIVE;
				CLANG_CXX_LANGUAGE_STANDARD = "gnu++14";
				CLANG_CXX_LIBRARY = "libc++";
				CLANG_ENABLE_MODULES = YES;
				CLANG_ENABLE_OBJC_ARC = YES;
				CLANG_ENABLE_OBJC_WEAK = YES;
				CLANG_WARN_BLOCK_CAPTURE_AUTORELEASING = YES;
				CLANG_WARN_BOOL_CONVERSION = YES;
				CLANG_WARN_COMMA = YES;
				CLANG_WARN_CONSTANT_CONVERSION = YES;
				CLANG_WARN_DEPRECATED_OBJC_IMPLEMENTATIONS = YES;
				CLANG_WARN_DIRECT_OBJC_ISA_USAGE = YES_ERROR;
				CLANG_WARN_DOCUMENTATION_COMMENTS = YES;
				CLANG_WARN_EMPTY_BODY = YES;
				CLANG_WARN_ENUM_CONVERSION = YES;
				CLANG_WARN_INFINITE_RECURSION = YES;
				CLANG_WARN_INT_CONVERSION = YES;
				CLANG_WARN_NON_LITERAL_NULL_CONVERSION = YES;
				CLANG_WARN_OBJC_IMPLICIT_RETAIN_SELF = YES;
				CLANG_WARN_OBJC_LITERAL_CONVERSION = YES;
				CLANG_WARN_OBJC_ROOT_CLASS = YES_ERROR;
				CLANG_WARN_RANGE_LOOP_ANALYSIS = YES;
				CLANG_WARN_STRICT_PROTOTYPES = YES;
				CLANG_WARN_SUSPICIOUS_MOVE = YES;
				CLANG_WARN_UNGUARDED_AVAILABILITY = YES_AGGRESSIVE;
				CLANG_WARN_UNREACHABLE_CODE = YES;
				CLANG_WARN__DUPLICATE_METHOD_MATCH = YES;
				CODE_SIGN_IDENTITY = "iPhone Developer";
				COPY_PHASE_STRIP = NO;
				DEBUG_INFORMATION_FORMAT = dwarf;
				ENABLE_STRICT_OBJC_MSGSEND = YES;
				ENABLE_TESTABILITY = YES;
				GCC_C_LANGUAGE_STANDARD = gnu11;
				GCC_DYNAMIC_NO_PIC = NO;
				GCC_NO_COMMON_BLOCKS = YES;
				GCC_OPTIMIZATION_LEVEL = 0;
				GCC_PREPROCESSOR_DEFINITIONS = (
					"DEBUG=1",
					"$(inherited)",
				);
				GCC_WARN_64_TO_32_BIT_CONVERSION = YES;
				GCC_WARN_ABOUT_RETURN_TYPE = YES_ERROR;
				GCC_WARN_UNDECLARED_SELECTOR = YES;
				GCC_WARN_UNINITIALIZED_AUTOS = YES_AGGRESSIVE;
				GCC_WARN_UNUSED_FUNCTION = YES;
				GCC_WARN_UNUSED_VARIABLE = YES;
				IPHONEOS_DEPLOYMENT_TARGET = 12.4;
				MTL_ENABLE_DEBUG_INFO = INCLUDE_SOURCE;
				MTL_FAST_MATH = YES;
				ONLY_ACTIVE_ARCH = YES;
				SDKROOT = iphoneos;
				SWIFT_ACTIVE_COMPILATION_CONDITIONS = DEBUG;
				SWIFT_OPTIMIZATION_LEVEL = "-Onone";
			};
			name = Debug;
		};
		DB441A6A23E08C1F00603DBF /* Release */ = {
			isa = XCBuildConfiguration;
			buildSettings = {
				ALWAYS_SEARCH_USER_PATHS = NO;
				CLANG_ANALYZER_NONNULL = YES;
				CLANG_ANALYZER_NUMBER_OBJECT_CONVERSION = YES_AGGRESSIVE;
				CLANG_CXX_LANGUAGE_STANDARD = "gnu++14";
				CLANG_CXX_LIBRARY = "libc++";
				CLANG_ENABLE_MODULES = YES;
				CLANG_ENABLE_OBJC_ARC = YES;
				CLANG_ENABLE_OBJC_WEAK = YES;
				CLANG_WARN_BLOCK_CAPTURE_AUTORELEASING = YES;
				CLANG_WARN_BOOL_CONVERSION = YES;
				CLANG_WARN_COMMA = YES;
				CLANG_WARN_CONSTANT_CONVERSION = YES;
				CLANG_WARN_DEPRECATED_OBJC_IMPLEMENTATIONS = YES;
				CLANG_WARN_DIRECT_OBJC_ISA_USAGE = YES_ERROR;
				CLANG_WARN_DOCUMENTATION_COMMENTS = YES;
				CLANG_WARN_EMPTY_BODY = YES;
				CLANG_WARN_ENUM_CONVERSION = YES;
				CLANG_WARN_INFINITE_RECURSION = YES;
				CLANG_WARN_INT_CONVERSION = YES;
				CLANG_WARN_NON_LITERAL_NULL_CONVERSION = YES;
				CLANG_WARN_OBJC_IMPLICIT_RETAIN_SELF = YES;
				CLANG_WARN_OBJC_LITERAL_CONVERSION = YES;
				CLANG_WARN_OBJC_ROOT_CLASS = YES_ERROR;
				CLANG_WARN_RANGE_LOOP_ANALYSIS = YES;
				CLANG_WARN_STRICT_PROTOTYPES = YES;
				CLANG_WARN_SUSPICIOUS_MOVE = YES;
				CLANG_WARN_UNGUARDED_AVAILABILITY = YES_AGGRESSIVE;
				CLANG_WARN_UNREACHABLE_CODE = YES;
				CLANG_WARN__DUPLICATE_METHOD_MATCH = YES;
				CODE_SIGN_IDENTITY = "iPhone Developer";
				COPY_PHASE_STRIP = NO;
				DEBUG_INFORMATION_FORMAT = "dwarf-with-dsym";
				ENABLE_NS_ASSERTIONS = NO;
				ENABLE_STRICT_OBJC_MSGSEND = YES;
				GCC_C_LANGUAGE_STANDARD = gnu11;
				GCC_NO_COMMON_BLOCKS = YES;
				GCC_WARN_64_TO_32_BIT_CONVERSION = YES;
				GCC_WARN_ABOUT_RETURN_TYPE = YES_ERROR;
				GCC_WARN_UNDECLARED_SELECTOR = YES;
				GCC_WARN_UNINITIALIZED_AUTOS = YES_AGGRESSIVE;
				GCC_WARN_UNUSED_FUNCTION = YES;
				GCC_WARN_UNUSED_VARIABLE = YES;
				IPHONEOS_DEPLOYMENT_TARGET = 12.4;
				MTL_ENABLE_DEBUG_INFO = NO;
				MTL_FAST_MATH = YES;
				SDKROOT = iphoneos;
				SWIFT_COMPILATION_MODE = wholemodule;
				SWIFT_OPTIMIZATION_LEVEL = "-O";
				VALIDATE_PRODUCT = YES;
			};
			name = Release;
		};
		DB441A6C23E08C1F00603DBF /* Debug */ = {
			isa = XCBuildConfiguration;
			buildSettings = {
				ASSETCATALOG_COMPILER_APPICON_NAME = AppIcon;
				CODE_SIGN_STYLE = Automatic;
				INFOPLIST_FILE = D06/Info.plist;
				LD_RUNPATH_SEARCH_PATHS = (
					"$(inherited)",
					"@executable_path/Frameworks",
				);
				PRODUCT_BUNDLE_IDENTIFIER = mjoubert.D06;
				PRODUCT_NAME = "$(TARGET_NAME)";
				SWIFT_VERSION = 5.0;
				TARGETED_DEVICE_FAMILY = "1,2";
			};
			name = Debug;
		};
		DB441A6D23E08C1F00603DBF /* Release */ = {
			isa = XCBuildConfiguration;
			buildSettings = {
				ASSETCATALOG_COMPILER_APPICON_NAME = AppIcon;
				CODE_SIGN_STYLE = Automatic;
				INFOPLIST_FILE = D06/Info.plist;
				LD_RUNPATH_SEARCH_PATHS = (
					"$(inherited)",
					"@executable_path/Frameworks",
				);
				PRODUCT_BUNDLE_IDENTIFIER = mjoubert.D06;
				PRODUCT_NAME = "$(TARGET_NAME)";
				SWIFT_VERSION = 5.0;
				TARGETED_DEVICE_FAMILY = "1,2";
			};
			name = Release;
		};
/* End XCBuildConfiguration section */

/* Begin XCConfigurationList section */
		DB441A5423E08C1800603DBF /* Build configuration list for PBXProject "D06" */ = {
			isa = XCConfigurationList;
			buildConfigurations = (
				DB441A6923E08C1F00603DBF /* Debug */,
				DB441A6A23E08C1F00603DBF /* Release */,
			);
			defaultConfigurationIsVisible = 0;
			defaultConfigurationName = Release;
		};
		DB441A6B23E08C1F00603DBF /* Build configuration list for PBXNativeTarget "D06" */ = {
			isa = XCConfigurationList;
			buildConfigurations = (
				DB441A6C23E08C1F00603DBF /* Debug */,
				DB441A6D23E08C1F00603DBF /* Release */,
			);
			defaultConfigurationIsVisible = 0;
			defaultConfigurationName = Release;
		};
/* End XCConfigurationList section */
	};
	rootObject = DB441A5123E08C1800603DBF /* Project object */;
}
